
Microsoft Visual Studio Solution File, Format Version 12.00
# Visual Studio Version 17
VisualStudioVersion = 17.7.34024.191
MinimumVisualStudioVersion = 10.0.40219.1
Project("{FAE04EC0-301F-11D3-BF4B-00C04F79EFBC}") = "CoreLab2023", "CoreLab2023\CoreLab2023.csproj", "{9BC7CC39-D37D-41D2-BAAF-80F141E8A088}"
EndProject
Global
	GlobalSection(SolutionConfigurationPlatforms) = preSolution
		Debug|Any CPU = Debug|Any CPU
		Release|Any CPU = Release|Any CPU
	EndGlobalSection
	GlobalSection(ProjectConfigurationPlatforms) = postSolution
		{9BC7CC39-D37D-41D2-BAAF-80F141E8A088}.Debug|Any CPU.ActiveCfg = Debug|Any CPU
		{9BC7CC39-D37D-41D2-BAAF-80F141E8A088}.Debug|Any CPU.Build.0 = Debug|Any CPU
		{9BC7CC39-D37D-41D2-BAAF-80F141E8A088}.Release|Any CPU.ActiveCfg = Release|Any CPU
		{9BC7CC39-D37D-41D2-BAAF-80F141E8A088}.Release|Any CPU.Build.0 = Release|Any CPU
	EndGlobalSection
	GlobalSection(SolutionProperties) = preSolution
		HideSolutionNode = FALSE
	EndGlobalSection
	GlobalSection(ExtensibilityGlobals) = postSolution
		SolutionGuid = {B4524F2E-7B9B-4120-9257-75B3377DF939}
	EndGlobalSection
EndGlobal
